
Microsoft Visual Studio Solution File, Format Version 12.00
# Visual Studio Version 17
VisualStudioVersion = 17.0.31903.59
MinimumVisualStudioVersion = 10.0.40219.1
Project("{FAE04EC0-301F-11D3-BF4B-00C04F79EFBC}") = "LoggingActivity.Web", "LoggingActivity.Web\LoggingActivity.Web.csproj", "{D3BCE716-BC59-4F32-85D1-AFAD3DAA1551}"
EndProject
Project("{2150E333-8FDC-42A3-9474-1A3956D46DE8}") = "tools", "tools", "{1BC70246-3E23-4FA6-8CB7-4ECC7F090871}"
EndProject
Project("{FAE04EC0-301F-11D3-BF4B-00C04F79EFBC}") = "MongoPasswordRotate", "tools\MongoPasswordRotate\MongoPasswordRotate.csproj", "{645E38FD-46E9-4885-81B6-56BA7E48A498}"
EndProject
Project("{2150E333-8FDC-42A3-9474-1A3956D46DE8}") = ".copilot-tmp", ".copilot-tmp", "{968A7264-B448-4AFC-8E0B-CA92512FB38D}"
EndProject
Project("{FAE04EC0-301F-11D3-BF4B-00C04F79EFBC}") = "May25Seeder20260526", ".copilot-tmp\May25Seeder20260526\May25Seeder20260526.csproj", "{1BCBAF2A-2AC7-4769-910A-F25DA56B134F}"
EndProject
Project("{FAE04EC0-301F-11D3-BF4B-00C04F79EFBC}") = "AlertHistorySeeder20260526", ".copilot-tmp\AlertHistorySeeder20260526\AlertHistorySeeder20260526.csproj", "{E862A1F8-806F-492A-AB59-86352A20B77D}"
EndProject
Project("{FAE04EC0-301F-11D3-BF4B-00C04F79EFBC}") = "UserProbe20260526", ".copilot-tmp\UserProbe20260526\UserProbe20260526.csproj", "{7DA9310F-49B3-49C3-A490-94622182C618}"
EndProject
Global
	GlobalSection(SolutionConfigurationPlatforms) = preSolution
		Debug|Any CPU = Debug|Any CPU
		Release|Any CPU = Release|Any CPU
	EndGlobalSection
	GlobalSection(SolutionProperties) = preSolution
		HideSolutionNode = FALSE
	EndGlobalSection
	GlobalSection(ProjectConfigurationPlatforms) = postSolution
		{D3BCE716-BC59-4F32-85D1-AFAD3DAA1551}.Debug|Any CPU.ActiveCfg = Debug|Any CPU
		{D3BCE716-BC59-4F32-85D1-AFAD3DAA1551}.Debug|Any CPU.Build.0 = Debug|Any CPU
		{D3BCE716-BC59-4F32-85D1-AFAD3DAA1551}.Release|Any CPU.ActiveCfg = Release|Any CPU
		{D3BCE716-BC59-4F32-85D1-AFAD3DAA1551}.Release|Any CPU.Build.0 = Release|Any CPU
		{645E38FD-46E9-4885-81B6-56BA7E48A498}.Debug|Any CPU.ActiveCfg = Debug|Any CPU
		{645E38FD-46E9-4885-81B6-56BA7E48A498}.Debug|Any CPU.Build.0 = Debug|Any CPU
		{645E38FD-46E9-4885-81B6-56BA7E48A498}.Release|Any CPU.ActiveCfg = Release|Any CPU
		{645E38FD-46E9-4885-81B6-56BA7E48A498}.Release|Any CPU.Build.0 = Release|Any CPU
		{1BCBAF2A-2AC7-4769-910A-F25DA56B134F}.Debug|Any CPU.ActiveCfg = Debug|Any CPU
		{1BCBAF2A-2AC7-4769-910A-F25DA56B134F}.Debug|Any CPU.Build.0 = Debug|Any CPU
		{1BCBAF2A-2AC7-4769-910A-F25DA56B134F}.Release|Any CPU.ActiveCfg = Release|Any CPU
		{1BCBAF2A-2AC7-4769-910A-F25DA56B134F}.Release|Any CPU.Build.0 = Release|Any CPU
		{E862A1F8-806F-492A-AB59-86352A20B77D}.Debug|Any CPU.ActiveCfg = Debug|Any CPU
		{E862A1F8-806F-492A-AB59-86352A20B77D}.Debug|Any CPU.Build.0 = Debug|Any CPU
		{E862A1F8-806F-492A-AB59-86352A20B77D}.Release|Any CPU.ActiveCfg = Release|Any CPU
		{E862A1F8-806F-492A-AB59-86352A20B77D}.Release|Any CPU.Build.0 = Release|Any CPU
		{7DA9310F-49B3-49C3-A490-94622182C618}.Debug|Any CPU.ActiveCfg = Debug|Any CPU
		{7DA9310F-49B3-49C3-A490-94622182C618}.Debug|Any CPU.Build.0 = Debug|Any CPU
		{7DA9310F-49B3-49C3-A490-94622182C618}.Release|Any CPU.ActiveCfg = Release|Any CPU
		{7DA9310F-49B3-49C3-A490-94622182C618}.Release|Any CPU.Build.0 = Release|Any CPU
	EndGlobalSection
	GlobalSection(NestedProjects) = preSolution
		{645E38FD-46E9-4885-81B6-56BA7E48A498} = {1BC70246-3E23-4FA6-8CB7-4ECC7F090871}
		{1BCBAF2A-2AC7-4769-910A-F25DA56B134F} = {968A7264-B448-4AFC-8E0B-CA92512FB38D}
		{E862A1F8-806F-492A-AB59-86352A20B77D} = {968A7264-B448-4AFC-8E0B-CA92512FB38D}
		{7DA9310F-49B3-49C3-A490-94622182C618} = {968A7264-B448-4AFC-8E0B-CA92512FB38D}
	EndGlobalSection
EndGlobal
